# This file is automatically @generated by Wally.
# It is not intended for manual editing.
registry = "test"

[[package]]
name = "roale/zoop"
version = "0.1.0"
dependencies = [["tabletobuffer", "secondnewtonlaw/tabletobuffer@0.1.5"]]

[[package]]
name = "secondnewtonlaw/tabletobuffer"
version = "0.1.5"
dependencies = []
